{
  "name": "node-rf24",
  "version": "0.0.1",
  "lockfileVersion": 1,
  "requires": true,
  "dependencies": {
    "bindings": {
      "version": "1.3.0",
      "resolved": "https://registry.npmjs.org/bindings/-/bindings-1.3.0.tgz",
      "integrity": "sha512-DpLh5EzMR2kzvX1KIlVC0VkC3iZtHKTgdtZ0a3pglBZdaQFjt5S9g9xd1lE+YvXyfd6mtCeRnrUfOLYiTMlNSw=="
    },
    "nan": {
      "version": "2.7.0",
      "resolved": "https://registry.npmjs.org/nan/-/nan-2.7.0.tgz",
      "integrity": "sha1-2Vv3IeyHfgjbJ27T/G63j5CDrUY="
    },
    "nan-check": {
      "version": "0.0.6",
      "resolved": "https://registry.npmjs.org/nan-check/-/nan-check-0.0.6.tgz",
      "integrity": "sha1-i/0uecNkOSgPpKl11BgkxaLSv6U=",
      "requires": {
        "nan": "2.7.0",
        "nan-marshal": "0.0.5"
      }
    },
    "nan-marshal": {
      "version": "0.0.5",
      "resolved": "https://registry.npmjs.org/nan-marshal/-/nan-marshal-0.0.5.tgz",
      "integrity": "sha1-DUoDXpP0WsfyNhPZZjZ/QvsYLPY=",
      "requires": {
        "nan": "2.7.0"
      }
    }
  }
}
